
Microsoft Visual Studio Solution File, Format Version 12.00
# Visual Studio 2013
VisualStudioVersion = 12.0.30501.0
MinimumVisualStudioVersion = 10.0.40219.1
Project("{FAE04EC0-301F-11D3-BF4B-00C04F79EFBC}") = "Nocturnal", "Nocturnal\Nocturnal.csproj", "{DD53C8B2-8F14-41BA-BFD5-A108D15F359E}"
EndProject
Global
	GlobalSection(SolutionConfigurationPlatforms) = preSolution
		Debug|Any CPU = Debug|Any CPU
		Release|Any CPU = Release|Any CPU
	EndGlobalSection
	GlobalSection(ProjectConfigurationPlatforms) = postSolution
		{DD53C8B2-8F14-41BA-BFD5-A108D15F359E}.Debug|Any CPU.ActiveCfg = Debug|Any CPU
		{DD53C8B2-8F14-41BA-BFD5-A108D15F359E}.Debug|Any CPU.Build.0 = Debug|Any CPU
		{DD53C8B2-8F14-41BA-BFD5-A108D15F359E}.Release|Any CPU.ActiveCfg = Release|Any CPU
		{DD53C8B2-8F14-41BA-BFD5-A108D15F359E}.Release|Any CPU.Build.0 = Release|Any CPU
	EndGlobalSection
	GlobalSection(SolutionProperties) = preSolution
		HideSolutionNode = FALSE
	EndGlobalSection
EndGlobal
